{
  "name": "youce",
  "version": "1.0.0",
  "lockfileVersion": 2,
  "requires": true,
  "packages": {
    "": {
      "name": "youce",
      "version": "1.0.0",
      "license": "ISC",
      "dependencies": {
        "wx-pin-prompt": "^1.2.2"
      }
    },
    "node_modules/wx-pin-prompt": {
      "version": "1.2.2",
      "resolved": "https://registry.npmjs.org/wx-pin-prompt/-/wx-pin-prompt-1.2.2.tgz",
      "integrity": "sha512-WQQDWQWg4WKgbaILEV5IW5BbRHHXW+ScQ62RW/he/rdCYhyd4IOTX0M/DcISzrVVVzAqiYhX3XKpBPXRiyUXMw=="
    }
  },
  "dependencies": {
    "wx-pin-prompt": {
      "version": "1.2.2",
      "resolved": "https://registry.npmjs.org/wx-pin-prompt/-/wx-pin-prompt-1.2.2.tgz",
      "integrity": "sha512-WQQDWQWg4WKgbaILEV5IW5BbRHHXW+ScQ62RW/he/rdCYhyd4IOTX0M/DcISzrVVVzAqiYhX3XKpBPXRiyUXMw=="
    }
  }
}
